// !$*UTF8*$!
{
	archiveVersion = 1;
	classes = {
	};
	objectVersion = 46;
	objects = {

/* Begin PBXBuildFile section */
		097B6C741CB30DB800FAAC06 /* main.m in Sources */ = {isa = PBXBuildFile; fileRef = 097B6C731CB30DB800FAAC06 /* main.m */; };
		097B6C771CB30DB800FAAC06 /* AppDelegate.m in Sources */ = {isa = PBXBuildFile; fileRef = 097B6C761CB30DB800FAAC06 /* AppDelegate.m */; };
		097B6C7F1CB30DB800FAAC06 /* Assets.xcassets in Resources */ = {isa = PBXBuildFile; fileRef = 097B6C7E1CB30DB800FAAC06 /* Assets.xcassets */; };
		097B6C821CB30DB800FAAC06 /* LaunchScreen.storyboard in Resources */ = {isa = PBXBuildFile; fileRef = 097B6C801CB30DB800FAAC06 /* LaunchScreen.storyboard */; };
		097B6CD01CB31F4600FAAC06 /* NSDateFormatter+HUMDefaultDateFormatter.m in Sources */ = {isa = PBXBuildFile; fileRef = 097B6C9C1CB31F4600FAAC06 /* NSDateFormatter+HUMDefaultDateFormatter.m */; };
		097B6CD11CB31F4600FAAC06 /* NSObject+HUMNullCheck.m in Sources */ = {isa = PBXBuildFile; fileRef = 097B6C9E1CB31F4600FAAC06 /* NSObject+HUMNullCheck.m */; };
		097B6CD21CB31F4600FAAC06 /* UIImage+HUMColorImage.m in Sources */ = {isa = PBXBuildFile; fileRef = 097B6CA01CB31F4600FAAC06 /* UIImage+HUMColorImage.m */; };
		097B6CD31CB31F4600FAAC06 /* HUMNameCell.m in Sources */ = {isa = PBXBuildFile; fileRef = 097B6CA31CB31F4600FAAC06 /* HUMNameCell.m */; };
		097B6CD41CB31F4600FAAC06 /* HUMTextFieldCell.m in Sources */ = {isa = PBXBuildFile; fileRef = 097B6CA51CB31F4600FAAC06 /* HUMTextFieldCell.m */; };
		097B6CD51CB31F4600FAAC06 /* HUMTimeCell.m in Sources */ = {isa = PBXBuildFile; fileRef = 097B6CA71CB31F4600FAAC06 /* HUMTimeCell.m */; };
		097B6CD61CB31F4600FAAC06 /* HUMTimePickerCell.m in Sources */ = {isa = PBXBuildFile; fileRef = 097B6CA91CB31F4600FAAC06 /* HUMTimePickerCell.m */; };
		097B6CD81CB31F4600FAAC06 /* HUMRailsClient.m in Sources */ = {isa = PBXBuildFile; fileRef = 097B6CAE1CB31F4600FAAC06 /* HUMRailsClient.m */; };
		097B6CD91CB31F4600FAAC06 /* HUMAddEventViewController.m in Sources */ = {isa = PBXBuildFile; fileRef = 097B6CB11CB31F4600FAAC06 /* HUMAddEventViewController.m */; };
		097B6CDA1CB31F4600FAAC06 /* HUMConfirmationViewController.m in Sources */ = {isa = PBXBuildFile; fileRef = 097B6CB31CB31F4600FAAC06 /* HUMConfirmationViewController.m */; };
		097B6CDB1CB31F4600FAAC06 /* HUMEditEventViewController.m in Sources */ = {isa = PBXBuildFile; fileRef = 097B6CB51CB31F4600FAAC06 /* HUMEditEventViewController.m */; };
		097B6CDC1CB31F4600FAAC06 /* HUMEventViewController.m in Sources */ = {isa = PBXBuildFile; fileRef = 097B6CB71CB31F4600FAAC06 /* HUMEventViewController.m */; };
		097B6CDD1CB31F4600FAAC06 /* HUMLocateEventViewController.m in Sources */ = {isa = PBXBuildFile; fileRef = 097B6CB91CB31F4600FAAC06 /* HUMLocateEventViewController.m */; };
		097B6CDE1CB31F4600FAAC06 /* HUMMapViewController.m in Sources */ = {isa = PBXBuildFile; fileRef = 097B6CBB1CB31F4600FAAC06 /* HUMMapViewController.m */; };
		097B6CE01CB31F4600FAAC06 /* HUMViewEventViewController.m in Sources */ = {isa = PBXBuildFile; fileRef = 097B6CBF1CB31F4600FAAC06 /* HUMViewEventViewController.m */; };
		097B6CE11CB31F4600FAAC06 /* HUMAppearanceManager.m in Sources */ = {isa = PBXBuildFile; fileRef = 097B6CC21CB31F4600FAAC06 /* HUMAppearanceManager.m */; };
		097B6CE21CB31F4600FAAC06 /* HUMEvent.m in Sources */ = {isa = PBXBuildFile; fileRef = 097B6CC41CB31F4600FAAC06 /* HUMEvent.m */; };
		097B6CE31CB31F4600FAAC06 /* HUMUser.m in Sources */ = {isa = PBXBuildFile; fileRef = 097B6CC61CB31F4600FAAC06 /* HUMUser.m */; };
		097B6CE41CB31F4600FAAC06 /* HUMUserSession.m in Sources */ = {isa = PBXBuildFile; fileRef = 097B6CC81CB31F4600FAAC06 /* HUMUserSession.m */; };
		097B6CE51CB31F4600FAAC06 /* HUMAnnotationView.m in Sources */ = {isa = PBXBuildFile; fileRef = 097B6CCB1CB31F4600FAAC06 /* HUMAnnotationView.m */; };
		097B6CE61CB31F4600FAAC06 /* HUMButton.m in Sources */ = {isa = PBXBuildFile; fileRef = 097B6CCD1CB31F4600FAAC06 /* HUMButton.m */; };
		097B6CE71CB31F4600FAAC06 /* HUMFooterView.m in Sources */ = {isa = PBXBuildFile; fileRef = 097B6CCF1CB31F4600FAAC06 /* HUMFooterView.m */; };
		097B6D2E1CB475CD00FAAC06 /* HUMEventJson.json in Resources */ = {isa = PBXBuildFile; fileRef = 097B6D231CB475CD00FAAC06 /* HUMEventJson.json */; };
		097B6D301CB475CD00FAAC06 /* HUMEventTests.m in Sources */ = {isa = PBXBuildFile; fileRef = 097B6D251CB475CD00FAAC06 /* HUMEventTests.m */; };
		097B6D311CB475CD00FAAC06 /* HUMJSONFileManager.m in Sources */ = {isa = PBXBuildFile; fileRef = 097B6D271CB475CD00FAAC06 /* HUMJSONFileManager.m */; };
		097B6D331CB475CD00FAAC06 /* HUMJSONFileManagerTests.m in Sources */ = {isa = PBXBuildFile; fileRef = 097B6D291CB475CD00FAAC06 /* HUMJSONFileManagerTests.m */; };
		097B6D361CB475CD00FAAC06 /* HUMUserSessionTests.m in Sources */ = {isa = PBXBuildFile; fileRef = 097B6D2C1CB475CD00FAAC06 /* HUMUserSessionTests.m */; };
		097B6D371CB475CD00FAAC06 /* HUMUserTests.m in Sources */ = {isa = PBXBuildFile; fileRef = 097B6D2D1CB475CD00FAAC06 /* HUMUserTests.m */; };
		097B6D3C1CB476B300FAAC06 /* HUMEventKiwiTests.m in Sources */ = {isa = PBXBuildFile; fileRef = 097B6D381CB476B300FAAC06 /* HUMEventKiwiTests.m */; };
		097B6D3D1CB476B300FAAC06 /* HUMJSONFileManagerKiwiTests.m in Sources */ = {isa = PBXBuildFile; fileRef = 097B6D391CB476B300FAAC06 /* HUMJSONFileManagerKiwiTests.m */; };
		097B6D3E1CB476B300FAAC06 /* HUMUserKiwiTests.m in Sources */ = {isa = PBXBuildFile; fileRef = 097B6D3A1CB476B300FAAC06 /* HUMUserKiwiTests.m */; };
		097B6D3F1CB476B300FAAC06 /* HUMUserSessionKiwiTests.m in Sources */ = {isa = PBXBuildFile; fileRef = 097B6D3B1CB476B300FAAC06 /* HUMUserSessionKiwiTests.m */; };
		097B6D441CB4777900FAAC06 /* HUMRailsAFNClient.m in Sources */ = {isa = PBXBuildFile; fileRef = 097B6D431CB4777900FAAC06 /* HUMRailsAFNClient.m */; };
		097B6D471CB47B9300FAAC06 /* HUMEventViewControllerFromBook.m in Sources */ = {isa = PBXBuildFile; fileRef = 097B6D461CB47B9300FAAC06 /* HUMEventViewControllerFromBook.m */; };
		A1102A59F95E5DDD9C5D9125 /* libPods-Humon.a in Frameworks */ = {isa = PBXBuildFile; fileRef = 970DDA9F6BD1300E9907F875 /* libPods-Humon.a */; };
		B9C68F0C1726CF78D60C1C73 /* libPods-HumonTests.a in Frameworks */ = {isa = PBXBuildFile; fileRef = DA4728A7DB00A10F41565B28 /* libPods-HumonTests.a */; };
/* End PBXBuildFile section */

/* Begin PBXContainerItemProxy section */
		097B6C891CB30DB800FAAC06 /* PBXContainerItemProxy */ = {
			isa = PBXContainerItemProxy;
			containerPortal = 097B6C671CB30DB700FAAC06 /* Project object */;
			proxyType = 1;
			remoteGlobalIDString = 097B6C6E1CB30DB700FAAC06;
			remoteInfo = Humon;
		};
/* End PBXContainerItemProxy section */

/* Begin PBXFileReference section */
		097B6C6F1CB30DB700FAAC06 /* Humon.app */ = {isa = PBXFileReference; explicitFileType = wrapper.application; includeInIndex = 0; path = Humon.app; sourceTree = BUILT_PRODUCTS_DIR; };
		097B6C731CB30DB800FAAC06 /* main.m */ = {isa = PBXFileReference; lastKnownFileType = sourcecode.c.objc; path = main.m; sourceTree = "<group>"; };
		097B6C751CB30DB800FAAC06 /* AppDelegate.h */ = {isa = PBXFileReference; lastKnownFileType = sourcecode.c.h; path = AppDelegate.h; sourceTree = "<group>"; };
		097B6C761CB30DB800FAAC06 /* AppDelegate.m */ = {isa = PBXFileReference; lastKnownFileType = sourcecode.c.objc; path = AppDelegate.m; sourceTree = "<group>"; };
		097B6C7E1CB30DB800FAAC06 /* Assets.xcassets */ = {isa = PBXFileReference; lastKnownFileType = folder.assetcatalog; path = Assets.xcassets; sourceTree = "<group>"; };
		097B6C811CB30DB800FAAC06 /* Base */ = {isa = PBXFileReference; lastKnownFileType = file.storyboard; name = Base; path = Base.lproj/LaunchScreen.storyboard; sourceTree = "<group>"; };
		097B6C831CB30DB800FAAC06 /* Info.plist */ = {isa = PBXFileReference; lastKnownFileType = text.plist.xml; path = Info.plist; sourceTree = "<group>"; };
		097B6C881CB30DB800FAAC06 /* HumonTests.xctest */ = {isa = PBXFileReference; explicitFileType = wrapper.cfbundle; includeInIndex = 0; path = HumonTests.xctest; sourceTree = BUILT_PRODUCTS_DIR; };
		097B6C8E1CB30DB800FAAC06 /* Info.plist */ = {isa = PBXFileReference; lastKnownFileType = text.plist.xml; path = Info.plist; sourceTree = "<group>"; };
		097B6C9B1CB31F4600FAAC06 /* NSDateFormatter+HUMDefaultDateFormatter.h */ = {isa = PBXFileReference; fileEncoding = 4; lastKnownFileType = sourcecode.c.h; path = "NSDateFormatter+HUMDefaultDateFormatter.h"; sourceTree = "<group>"; };
		097B6C9C1CB31F4600FAAC06 /* NSDateFormatter+HUMDefaultDateFormatter.m */ = {isa = PBXFileReference; fileEncoding = 4; lastKnownFileType = sourcecode.c.objc; path = "NSDateFormatter+HUMDefaultDateFormatter.m"; sourceTree = "<group>"; };
		097B6C9D1CB31F4600FAAC06 /* NSObject+HUMNullCheck.h */ = {isa = PBXFileReference; fileEncoding = 4; lastKnownFileType = sourcecode.c.h; path = "NSObject+HUMNullCheck.h"; sourceTree = "<group>"; };
		097B6C9E1CB31F4600FAAC06 /* NSObject+HUMNullCheck.m */ = {isa = PBXFileReference; fileEncoding = 4; lastKnownFileType = sourcecode.c.objc; path = "NSObject+HUMNullCheck.m"; sourceTree = "<group>"; };
		097B6C9F1CB31F4600FAAC06 /* UIImage+HUMColorImage.h */ = {isa = PBXFileReference; fileEncoding = 4; lastKnownFileType = sourcecode.c.h; path = "UIImage+HUMColorImage.h"; sourceTree = "<group>"; };
		097B6CA01CB31F4600FAAC06 /* UIImage+HUMColorImage.m */ = {isa = PBXFileReference; fileEncoding = 4; lastKnownFileType = sourcecode.c.objc; path = "UIImage+HUMColorImage.m"; sourceTree = "<group>"; };
		097B6CA21CB31F4600FAAC06 /* HUMNameCell.h */ = {isa = PBXFileReference; fileEncoding = 4; lastKnownFileType = sourcecode.c.h; path = HUMNameCell.h; sourceTree = "<group>"; };
		097B6CA31CB31F4600FAAC06 /* HUMNameCell.m */ = {isa = PBXFileReference; fileEncoding = 4; lastKnownFileType = sourcecode.c.objc; path = HUMNameCell.m; sourceTree = "<group>"; };
		097B6CA41CB31F4600FAAC06 /* HUMTextFieldCell.h */ = {isa = PBXFileReference; fileEncoding = 4; lastKnownFileType = sourcecode.c.h; path = HUMTextFieldCell.h; sourceTree = "<group>"; };
		097B6CA51CB31F4600FAAC06 /* HUMTextFieldCell.m */ = {isa = PBXFileReference; fileEncoding = 4; lastKnownFileType = sourcecode.c.objc; path = HUMTextFieldCell.m; sourceTree = "<group>"; };
		097B6CA61CB31F4600FAAC06 /* HUMTimeCell.h */ = {isa = PBXFileReference; fileEncoding = 4; lastKnownFileType = sourcecode.c.h; path = HUMTimeCell.h; sourceTree = "<group>"; };
		097B6CA71CB31F4600FAAC06 /* HUMTimeCell.m */ = {isa = PBXFileReference; fileEncoding = 4; lastKnownFileType = sourcecode.c.objc; path = HUMTimeCell.m; sourceTree = "<group>"; };
		097B6CA81CB31F4600FAAC06 /* HUMTimePickerCell.h */ = {isa = PBXFileReference; fileEncoding = 4; lastKnownFileType = sourcecode.c.h; path = HUMTimePickerCell.h; sourceTree = "<group>"; };
		097B6CA91CB31F4600FAAC06 /* HUMTimePickerCell.m */ = {isa = PBXFileReference; fileEncoding = 4; lastKnownFileType = sourcecode.c.objc; path = HUMTimePickerCell.m; sourceTree = "<group>"; };
		097B6CAD1CB31F4600FAAC06 /* HUMRailsClient.h */ = {isa = PBXFileReference; fileEncoding = 4; lastKnownFileType = sourcecode.c.h; path = HUMRailsClient.h; sourceTree = "<group>"; };
		097B6CAE1CB31F4600FAAC06 /* HUMRailsClient.m */ = {isa = PBXFileReference; fileEncoding = 4; lastKnownFileType = sourcecode.c.objc; path = HUMRailsClient.m; sourceTree = "<group>"; };
		097B6CB01CB31F4600FAAC06 /* HUMAddEventViewController.h */ = {isa = PBXFileReference; fileEncoding = 4; lastKnownFileType = sourcecode.c.h; path = HUMAddEventViewController.h; sourceTree = "<group>"; };
		097B6CB11CB31F4600FAAC06 /* HUMAddEventViewController.m */ = {isa = PBXFileReference; fileEncoding = 4; lastKnownFileType = sourcecode.c.objc; path = HUMAddEventViewController.m; sourceTree = "<group>"; };
		097B6CB21CB31F4600FAAC06 /* HUMConfirmationViewController.h */ = {isa = PBXFileReference; fileEncoding = 4; lastKnownFileType = sourcecode.c.h; path = HUMConfirmationViewController.h; sourceTree = "<group>"; };
		097B6CB31CB31F4600FAAC06 /* HUMConfirmationViewController.m */ = {isa = PBXFileReference; fileEncoding = 4; lastKnownFileType = sourcecode.c.objc; path = HUMConfirmationViewController.m; sourceTree = "<group>"; };
		097B6CB41CB31F4600FAAC06 /* HUMEditEventViewController.h */ = {isa = PBXFileReference; fileEncoding = 4; lastKnownFileType = sourcecode.c.h; path = HUMEditEventViewController.h; sourceTree = "<group>"; };
		097B6CB51CB31F4600FAAC06 /* HUMEditEventViewController.m */ = {isa = PBXFileReference; fileEncoding = 4; lastKnownFileType = sourcecode.c.objc; path = HUMEditEventViewController.m; sourceTree = "<group>"; };
		097B6CB61CB31F4600FAAC06 /* HUMEventViewController.h */ = {isa = PBXFileReference; fileEncoding = 4; lastKnownFileType = sourcecode.c.h; path = HUMEventViewController.h; sourceTree = "<group>"; };
		097B6CB71CB31F4600FAAC06 /* HUMEventViewController.m */ = {isa = PBXFileReference; fileEncoding = 4; lastKnownFileType = sourcecode.c.objc; path = HUMEventViewController.m; sourceTree = "<group>"; };
		097B6CB81CB31F4600FAAC06 /* HUMLocateEventViewController.h */ = {isa = PBXFileReference; fileEncoding = 4; lastKnownFileType = sourcecode.c.h; path = HUMLocateEventViewController.h; sourceTree = "<group>"; };
		097B6CB91CB31F4600FAAC06 /* HUMLocateEventViewController.m */ = {isa = PBXFileReference; fileEncoding = 4; lastKnownFileType = sourcecode.c.objc; path = HUMLocateEventViewController.m; sourceTree = "<group>"; };
		097B6CBA1CB31F4600FAAC06 /* HUMMapViewController.h */ = {isa = PBXFileReference; fileEncoding = 4; lastKnownFileType = sourcecode.c.h; path = HUMMapViewController.h; sourceTree = "<group>"; };
		097B6CBB1CB31F4600FAAC06 /* HUMMapViewController.m */ = {isa = PBXFileReference; fileEncoding = 4; lastKnownFileType = sourcecode.c.objc; path = HUMMapViewController.m; sourceTree = "<group>"; };
		097B6CBE1CB31F4600FAAC06 /* HUMViewEventViewController.h */ = {isa = PBXFileReference; fileEncoding = 4; lastKnownFileType = sourcecode.c.h; path = HUMViewEventViewController.h; sourceTree = "<group>"; };
		097B6CBF1CB31F4600FAAC06 /* HUMViewEventViewController.m */ = {isa = PBXFileReference; fileEncoding = 4; lastKnownFileType = sourcecode.c.objc; path = HUMViewEventViewController.m; sourceTree = "<group>"; };
		097B6CC11CB31F4600FAAC06 /* HUMAppearanceManager.h */ = {isa = PBXFileReference; fileEncoding = 4; lastKnownFileType = sourcecode.c.h; path = HUMAppearanceManager.h; sourceTree = "<group>"; };
		097B6CC21CB31F4600FAAC06 /* HUMAppearanceManager.m */ = {isa = PBXFileReference; fileEncoding = 4; lastKnownFileType = sourcecode.c.objc; path = HUMAppearanceManager.m; sourceTree = "<group>"; };
		097B6CC31CB31F4600FAAC06 /* HUMEvent.h */ = {isa = PBXFileReference; fileEncoding = 4; lastKnownFileType = sourcecode.c.h; path = HUMEvent.h; sourceTree = "<group>"; };
		097B6CC41CB31F4600FAAC06 /* HUMEvent.m */ = {isa = PBXFileReference; fileEncoding = 4; lastKnownFileType = sourcecode.c.objc; path = HUMEvent.m; sourceTree = "<group>"; };
		097B6CC51CB31F4600FAAC06 /* HUMUser.h */ = {isa = PBXFileReference; fileEncoding = 4; lastKnownFileType = sourcecode.c.h; path = HUMUser.h; sourceTree = "<group>"; };
		097B6CC61CB31F4600FAAC06 /* HUMUser.m */ = {isa = PBXFileReference; fileEncoding = 4; lastKnownFileType = sourcecode.c.objc; path = HUMUser.m; sourceTree = "<group>"; };
		097B6CC71CB31F4600FAAC06 /* HUMUserSession.h */ = {isa = PBXFileReference; fileEncoding = 4; lastKnownFileType = sourcecode.c.h; path = HUMUserSession.h; sourceTree = "<group>"; };
		097B6CC81CB31F4600FAAC06 /* HUMUserSession.m */ = {isa = PBXFileReference; fileEncoding = 4; lastKnownFileType = sourcecode.c.objc; path = HUMUserSession.m; sourceTree = "<group>"; };
		097B6CCA1CB31F4600FAAC06 /* HUMAnnotationView.h */ = {isa = PBXFileReference; fileEncoding = 4; lastKnownFileType = sourcecode.c.h; path = HUMAnnotationView.h; sourceTree = "<group>"; };
		097B6CCB1CB31F4600FAAC06 /* HUMAnnotationView.m */ = {isa = PBXFileReference; fileEncoding = 4; lastKnownFileType = sourcecode.c.objc; path = HUMAnnotationView.m; sourceTree = "<group>"; };
		097B6CCC1CB31F4600FAAC06 /* HUMButton.h */ = {isa = PBXFileReference; fileEncoding = 4; lastKnownFileType = sourcecode.c.h; path = HUMButton.h; sourceTree = "<group>"; };
		097B6CCD1CB31F4600FAAC06 /* HUMButton.m */ = {isa = PBXFileReference; fileEncoding = 4; lastKnownFileType = sourcecode.c.objc; path = HUMButton.m; sourceTree = "<group>"; };
		097B6CCE1CB31F4600FAAC06 /* HUMFooterView.h */ = {isa = PBXFileReference; fileEncoding = 4; lastKnownFileType = sourcecode.c.h; path = HUMFooterView.h; sourceTree = "<group>"; };
		097B6CCF1CB31F4600FAAC06 /* HUMFooterView.m */ = {isa = PBXFileReference; fileEncoding = 4; lastKnownFileType = sourcecode.c.objc; path = HUMFooterView.m; sourceTree = "<group>"; };
		097B6D231CB475CD00FAAC06 /* HUMEventJson.json */ = {isa = PBXFileReference; fileEncoding = 4; lastKnownFileType = text.json; path = HUMEventJson.json; sourceTree = "<group>"; };
		097B6D251CB475CD00FAAC06 /* HUMEventTests.m */ = {isa = PBXFileReference; fileEncoding = 4; lastKnownFileType = sourcecode.c.objc; path = HUMEventTests.m; sourceTree = "<group>"; };
		097B6D261CB475CD00FAAC06 /* HUMJSONFileManager.h */ = {isa = PBXFileReference; fileEncoding = 4; lastKnownFileType = sourcecode.c.h; path = HUMJSONFileManager.h; sourceTree = "<group>"; };
		097B6D271CB475CD00FAAC06 /* HUMJSONFileManager.m */ = {isa = PBXFileReference; fileEncoding = 4; lastKnownFileType = sourcecode.c.objc; path = HUMJSONFileManager.m; sourceTree = "<group>"; };
		097B6D291CB475CD00FAAC06 /* HUMJSONFileManagerTests.m */ = {isa = PBXFileReference; fileEncoding = 4; lastKnownFileType = sourcecode.c.objc; path = HUMJSONFileManagerTests.m; sourceTree = "<group>"; };
		097B6D2C1CB475CD00FAAC06 /* HUMUserSessionTests.m */ = {isa = PBXFileReference; fileEncoding = 4; lastKnownFileType = sourcecode.c.objc; path = HUMUserSessionTests.m; sourceTree = "<group>"; };
		097B6D2D1CB475CD00FAAC06 /* HUMUserTests.m */ = {isa = PBXFileReference; fileEncoding = 4; lastKnownFileType = sourcecode.c.objc; path = HUMUserTests.m; sourceTree = "<group>"; };
		097B6D381CB476B300FAAC06 /* HUMEventKiwiTests.m */ = {isa = PBXFileReference; fileEncoding = 4; lastKnownFileType = sourcecode.c.objc; path = HUMEventKiwiTests.m; sourceTree = "<group>"; };
		097B6D391CB476B300FAAC06 /* HUMJSONFileManagerKiwiTests.m */ = {isa = PBXFileReference; fileEncoding = 4; lastKnownFileType = sourcecode.c.objc; path = HUMJSONFileManagerKiwiTests.m; sourceTree = "<group>"; };
		097B6D3A1CB476B300FAAC06 /* HUMUserKiwiTests.m */ = {isa = PBXFileReference; fileEncoding = 4; lastKnownFileType = sourcecode.c.objc; path = HUMUserKiwiTests.m; sourceTree = "<group>"; };
		097B6D3B1CB476B300FAAC06 /* HUMUserSessionKiwiTests.m */ = {isa = PBXFileReference; fileEncoding = 4; lastKnownFileType = sourcecode.c.objc; path = HUMUserSessionKiwiTests.m; sourceTree = "<group>"; };
		097B6D421CB4777900FAAC06 /* HUMRailsAFNClient.h */ = {isa = PBXFileReference; fileEncoding = 4; lastKnownFileType = sourcecode.c.h; path = HUMRailsAFNClient.h; sourceTree = "<group>"; };
		097B6D431CB4777900FAAC06 /* HUMRailsAFNClient.m */ = {isa = PBXFileReference; fileEncoding = 4; lastKnownFileType = sourcecode.c.objc; path = HUMRailsAFNClient.m; sourceTree = "<group>"; };
		097B6D451CB47B9300FAAC06 /* HUMEventViewControllerFromBook.h */ = {isa = PBXFileReference; fileEncoding = 4; lastKnownFileType = sourcecode.c.h; path = HUMEventViewControllerFromBook.h; sourceTree = "<group>"; };
		097B6D461CB47B9300FAAC06 /* HUMEventViewControllerFromBook.m */ = {isa = PBXFileReference; fileEncoding = 4; lastKnownFileType = sourcecode.c.objc; path = HUMEventViewControllerFromBook.m; sourceTree = "<group>"; };
		0C891A6ADB44813B1F69417C /* Pods-HumonTests.release.xcconfig */ = {isa = PBXFileReference; includeInIndex = 1; lastKnownFileType = text.xcconfig; name = "Pods-HumonTests.release.xcconfig"; path = "Pods/Target Support Files/Pods-HumonTests/Pods-HumonTests.release.xcconfig"; sourceTree = "<group>"; };
		3554F5481B9557295E6A7282 /* Pods-HumonTests.debug.xcconfig */ = {isa = PBXFileReference; includeInIndex = 1; lastKnownFileType = text.xcconfig; name = "Pods-HumonTests.debug.xcconfig"; path = "Pods/Target Support Files/Pods-HumonTests/Pods-HumonTests.debug.xcconfig"; sourceTree = "<group>"; };
		7ED8646FD2A7049F1FB1D962 /* Pods-Humon.release.xcconfig */ = {isa = PBXFileReference; includeInIndex = 1; lastKnownFileType = text.xcconfig; name = "Pods-Humon.release.xcconfig"; path = "Pods/Target Support Files/Pods-Humon/Pods-Humon.release.xcconfig"; sourceTree = "<group>"; };
		970DDA9F6BD1300E9907F875 /* libPods-Humon.a */ = {isa = PBXFileReference; explicitFileType = archive.ar; includeInIndex = 0; path = "libPods-Humon.a"; sourceTree = BUILT_PRODUCTS_DIR; };
		DA4728A7DB00A10F41565B28 /* libPods-HumonTests.a */ = {isa = PBXFileReference; explicitFileType = archive.ar; includeInIndex = 0; path = "libPods-HumonTests.a"; sourceTree = BUILT_PRODUCTS_DIR; };
		F5DD9D9922685AE1F6DB4586 /* Pods-Humon.debug.xcconfig */ = {isa = PBXFileReference; includeInIndex = 1; lastKnownFileType = text.xcconfig; name = "Pods-Humon.debug.xcconfig"; path = "Pods/Target Support Files/Pods-Humon/Pods-Humon.debug.xcconfig"; sourceTree = "<group>"; };
/* End PBXFileReference section */

/* Begin PBXFrameworksBuildPhase section */
		097B6C6C1CB30DB700FAAC06 /* Frameworks */ = {
			isa = PBXFrameworksBuildPhase;
			buildActionMask = 2147483647;
			files = (
				A1102A59F95E5DDD9C5D9125 /* libPods-Humon.a in Frameworks */,
			);
			runOnlyForDeploymentPostprocessing = 0;
		};
		097B6C851CB30DB800FAAC06 /* Frameworks */ = {
			isa = PBXFrameworksBuildPhase;
			buildActionMask = 2147483647;
			files = (
				B9C68F0C1726CF78D60C1C73 /* libPods-HumonTests.a in Frameworks */,
			);
			runOnlyForDeploymentPostprocessing = 0;
		};
/* End PBXFrameworksBuildPhase section */

/* Begin PBXGroup section */
		097B6C661CB30DB700FAAC06 = {
			isa = PBXGroup;
			children = (
				097B6C711CB30DB800FAAC06 /* Humon */,
				097B6C8B1CB30DB800FAAC06 /* HumonTests */,
				097B6C701CB30DB700FAAC06 /* Products */,
				BF0617EEB3E86BFFBAFC00D9 /* Pods */,
				CC4C67375F8ABAB28022E631 /* Frameworks */,
			);
			sourceTree = "<group>";
		};
		097B6C701CB30DB700FAAC06 /* Products */ = {
			isa = PBXGroup;
			children = (
				097B6C6F1CB30DB700FAAC06 /* Humon.app */,
				097B6C881CB30DB800FAAC06 /* HumonTests.xctest */,
			);
			name = Products;
			sourceTree = "<group>";
		};
		097B6C711CB30DB800FAAC06 /* Humon */ = {
			isa = PBXGroup;
			children = (
				097B6C9A1CB31F4600FAAC06 /* Categories */,
				097B6CA11CB31F4600FAAC06 /* Cells */,
				097B6CAA1CB31F4600FAAC06 /* Clients */,
				097B6CAF1CB31F4600FAAC06 /* Controllers */,
				097B6CC01CB31F4600FAAC06 /* Models */,
				097B6CC91CB31F4600FAAC06 /* Views */,
				097B6C721CB30DB800FAAC06 /* Supporting Files */,
			);
			path = Humon;
			sourceTree = "<group>";
		};
		097B6C721CB30DB800FAAC06 /* Supporting Files */ = {
			isa = PBXGroup;
			children = (
				097B6C751CB30DB800FAAC06 /* AppDelegate.h */,
				097B6C761CB30DB800FAAC06 /* AppDelegate.m */,
				097B6C7E1CB30DB800FAAC06 /* Assets.xcassets */,
				097B6C801CB30DB800FAAC06 /* LaunchScreen.storyboard */,
				097B6C831CB30DB800FAAC06 /* Info.plist */,
				097B6C731CB30DB800FAAC06 /* main.m */,
			);
			name = "Supporting Files";
			sourceTree = "<group>";
		};
		097B6C8B1CB30DB800FAAC06 /* HumonTests */ = {
			isa = PBXGroup;
			children = (
				097B6D231CB475CD00FAAC06 /* HUMEventJson.json */,
				097B6D261CB475CD00FAAC06 /* HUMJSONFileManager.h */,
				097B6D271CB475CD00FAAC06 /* HUMJSONFileManager.m */,
				097B6D401CB4772000FAAC06 /* Kiwi */,
				097B6D411CB4773600FAAC06 /* XCTest */,
				097B6C8E1CB30DB800FAAC06 /* Info.plist */,
			);
			path = HumonTests;
			sourceTree = "<group>";
		};
		097B6C9A1CB31F4600FAAC06 /* Categories */ = {
			isa = PBXGroup;
			children = (
				097B6C9B1CB31F4600FAAC06 /* NSDateFormatter+HUMDefaultDateFormatter.h */,
				097B6C9C1CB31F4600FAAC06 /* NSDateFormatter+HUMDefaultDateFormatter.m */,
				097B6C9D1CB31F4600FAAC06 /* NSObject+HUMNullCheck.h */,
				097B6C9E1CB31F4600FAAC06 /* NSObject+HUMNullCheck.m */,
				097B6C9F1CB31F4600FAAC06 /* UIImage+HUMColorImage.h */,
				097B6CA01CB31F4600FAAC06 /* UIImage+HUMColorImage.m */,
			);
			path = Categories;
			sourceTree = "<group>";
		};
		097B6CA11CB31F4600FAAC06 /* Cells */ = {
			isa = PBXGroup;
			children = (
				097B6CA21CB31F4600FAAC06 /* HUMNameCell.h */,
				097B6CA31CB31F4600FAAC06 /* HUMNameCell.m */,
				097B6CA41CB31F4600FAAC06 /* HUMTextFieldCell.h */,
				097B6CA51CB31F4600FAAC06 /* HUMTextFieldCell.m */,
				097B6CA61CB31F4600FAAC06 /* HUMTimeCell.h */,
				097B6CA71CB31F4600FAAC06 /* HUMTimeCell.m */,
				097B6CA81CB31F4600FAAC06 /* HUMTimePickerCell.h */,
				097B6CA91CB31F4600FAAC06 /* HUMTimePickerCell.m */,
			);
			path = Cells;
			sourceTree = "<group>";
		};
		097B6CAA1CB31F4600FAAC06 /* Clients */ = {
			isa = PBXGroup;
			children = (
				097B6CAD1CB31F4600FAAC06 /* HUMRailsClient.h */,
				097B6CAE1CB31F4600FAAC06 /* HUMRailsClient.m */,
				097B6D421CB4777900FAAC06 /* HUMRailsAFNClient.h */,
				097B6D431CB4777900FAAC06 /* HUMRailsAFNClient.m */,
			);
			path = Clients;
			sourceTree = "<group>";
		};
		097B6CAF1CB31F4600FAAC06 /* Controllers */ = {
			isa = PBXGroup;
			children = (
				097B6CB01CB31F4600FAAC06 /* HUMAddEventViewController.h */,
				097B6CB11CB31F4600FAAC06 /* HUMAddEventViewController.m */,
				097B6CB21CB31F4600FAAC06 /* HUMConfirmationViewController.h */,
				097B6CB31CB31F4600FAAC06 /* HUMConfirmationViewController.m */,
				097B6CB41CB31F4600FAAC06 /* HUMEditEventViewController.h */,
				097B6CB51CB31F4600FAAC06 /* HUMEditEventViewController.m */,
				097B6CB61CB31F4600FAAC06 /* HUMEventViewController.h */,
				097B6CB71CB31F4600FAAC06 /* HUMEventViewController.m */,
				097B6CB81CB31F4600FAAC06 /* HUMLocateEventViewController.h */,
				097B6CB91CB31F4600FAAC06 /* HUMLocateEventViewController.m */,
				097B6CBA1CB31F4600FAAC06 /* HUMMapViewController.h */,
				097B6CBB1CB31F4600FAAC06 /* HUMMapViewController.m */,
				097B6D451CB47B9300FAAC06 /* HUMEventViewControllerFromBook.h */,
				097B6D461CB47B9300FAAC06 /* HUMEventViewControllerFromBook.m */,
				097B6CBE1CB31F4600FAAC06 /* HUMViewEventViewController.h */,
				097B6CBF1CB31F4600FAAC06 /* HUMViewEventViewController.m */,
			);
			path = Controllers;
			sourceTree = "<group>";
		};
		097B6CC01CB31F4600FAAC06 /* Models */ = {
			isa = PBXGroup;
			children = (
				097B6CC11CB31F4600FAAC06 /* HUMAppearanceManager.h */,
				097B6CC21CB31F4600FAAC06 /* HUMAppearanceManager.m */,
				097B6CC31CB31F4600FAAC06 /* HUMEvent.h */,
				097B6CC41CB31F4600FAAC06 /* HUMEvent.m */,
				097B6CC51CB31F4600FAAC06 /* HUMUser.h */,
				097B6CC61CB31F4600FAAC06 /* HUMUser.m */,
				097B6CC71CB31F4600FAAC06 /* HUMUserSession.h */,
				097B6CC81CB31F4600FAAC06 /* HUMUserSession.m */,
			);
			path = Models;
			sourceTree = "<group>";
		};
		097B6CC91CB31F4600FAAC06 /* Views */ = {
			isa = PBXGroup;
			children = (
				097B6CCA1CB31F4600FAAC06 /* HUMAnnotationView.h */,
				097B6CCB1CB31F4600FAAC06 /* HUMAnnotationView.m */,
				097B6CCC1CB31F4600FAAC06 /* HUMButton.h */,
				097B6CCD1CB31F4600FAAC06 /* HUMButton.m */,
				097B6CCE1CB31F4600FAAC06 /* HUMFooterView.h */,
				097B6CCF1CB31F4600FAAC06 /* HUMFooterView.m */,
			);
			path = Views;
			sourceTree = "<group>";
		};
		097B6D401CB4772000FAAC06 /* Kiwi */ = {
			isa = PBXGroup;
			children = (
				097B6D381CB476B300FAAC06 /* HUMEventKiwiTests.m */,
				097B6D391CB476B300FAAC06 /* HUMJSONFileManagerKiwiTests.m */,
				097B6D3A1CB476B300FAAC06 /* HUMUserKiwiTests.m */,
				097B6D3B1CB476B300FAAC06 /* HUMUserSessionKiwiTests.m */,
			);
			name = Kiwi;
			sourceTree = "<group>";
		};
		097B6D411CB4773600FAAC06 /* XCTest */ = {
			isa = PBXGroup;
			children = (
				097B6D251CB475CD00FAAC06 /* HUMEventTests.m */,
				097B6D291CB475CD00FAAC06 /* HUMJSONFileManagerTests.m */,
				097B6D2C1CB475CD00FAAC06 /* HUMUserSessionTests.m */,
				097B6D2D1CB475CD00FAAC06 /* HUMUserTests.m */,
			);
			name = XCTest;
			sourceTree = "<group>";
		};
		BF0617EEB3E86BFFBAFC00D9 /* Pods */ = {
			isa = PBXGroup;
			children = (
				3554F5481B9557295E6A7282 /* Pods-HumonTests.debug.xcconfig */,
				0C891A6ADB44813B1F69417C /* Pods-HumonTests.release.xcconfig */,
				F5DD9D9922685AE1F6DB4586 /* Pods-Humon.debug.xcconfig */,
				7ED8646FD2A7049F1FB1D962 /* Pods-Humon.release.xcconfig */,
			);
			name = Pods;
			sourceTree = "<group>";
		};
		CC4C67375F8ABAB28022E631 /* Frameworks */ = {
			isa = PBXGroup;
			children = (
				DA4728A7DB00A10F41565B28 /* libPods-HumonTests.a */,
				970DDA9F6BD1300E9907F875 /* libPods-Humon.a */,
			);
			name = Frameworks;
			sourceTree = "<group>";
		};
/* End PBXGroup section */

/* Begin PBXNativeTarget section */
		097B6C6E1CB30DB700FAAC06 /* Humon */ = {
			isa = PBXNativeTarget;
			buildConfigurationList = 097B6C911CB30DB800FAAC06 /* Build configuration list for PBXNativeTarget "Humon" */;
			buildPhases = (
				2F2DEA0297BB3963C87116B0 /* 📦 Check Pods Manifest.lock */,
				097B6C6B1CB30DB700FAAC06 /* Sources */,
				097B6C6C1CB30DB700FAAC06 /* Frameworks */,
				097B6C6D1CB30DB700FAAC06 /* Resources */,
				05A200A5AEC8629B1565328D /* 📦 Embed Pods Frameworks */,
				C0CF8AE88AC20C46AB5C885C /* 📦 Copy Pods Resources */,
			);
			buildRules = (
			);
			dependencies = (
			);
			name = Humon;
			productName = Humon;
			productReference = 097B6C6F1CB30DB700FAAC06 /* Humon.app */;
			productType = "com.apple.product-type.application";
		};
		097B6C871CB30DB800FAAC06 /* HumonTests */ = {
			isa = PBXNativeTarget;
			buildConfigurationList = 097B6C941CB30DB800FAAC06 /* Build configuration list for PBXNativeTarget "HumonTests" */;
			buildPhases = (
				2D4DB52540A0FBE373BCDF61 /* 📦 Check Pods Manifest.lock */,
				097B6C841CB30DB800FAAC06 /* Sources */,
				097B6C851CB30DB800FAAC06 /* Frameworks */,
				097B6C861CB30DB800FAAC06 /* Resources */,
				502E8DE6A67006EFF566AC9D /* 📦 Embed Pods Frameworks */,
				E5B42A059B3834F186CABAAF /* 📦 Copy Pods Resources */,
			);
			buildRules = (
			);
			dependencies = (
				097B6C8A1CB30DB800FAAC06 /* PBXTargetDependency */,
			);
			name = HumonTests;
			productName = HumonTests;
			productReference = 097B6C881CB30DB800FAAC06 /* HumonTests.xctest */;
			productType = "com.apple.product-type.bundle.unit-test";
		};
/* End PBXNativeTarget section */

/* Begin PBXProject section */
		097B6C671CB30DB700FAAC06 /* Project object */ = {
			isa = PBXProject;
			attributes = {
				LastUpgradeCheck = 0730;
				ORGANIZATIONNAME = thoughtbot;
				TargetAttributes = {
					097B6C6E1CB30DB700FAAC06 = {
						CreatedOnToolsVersion = 7.3;
					};
					097B6C871CB30DB800FAAC06 = {
						CreatedOnToolsVersion = 7.3;
						TestTargetID = 097B6C6E1CB30DB700FAAC06;
					};
				};
			};
			buildConfigurationList = 097B6C6A1CB30DB700FAAC06 /* Build configuration list for PBXProject "Humon" */;
			compatibilityVersion = "Xcode 3.2";
			developmentRegion = English;
			hasScannedForEncodings = 0;
			knownRegions = (
				en,
				Base,
			);
			mainGroup = 097B6C661CB30DB700FAAC06;
			productRefGroup = 097B6C701CB30DB700FAAC06 /* Products */;
			projectDirPath = "";
			projectRoot = "";
			targets = (
				097B6C6E1CB30DB700FAAC06 /* Humon */,
				097B6C871CB30DB800FAAC06 /* HumonTests */,
			);
		};
/* End PBXProject section */

/* Begin PBXResourcesBuildPhase section */
		097B6C6D1CB30DB700FAAC06 /* Resources */ = {
			isa = PBXResourcesBuildPhase;
			buildActionMask = 2147483647;
			files = (
				097B6C821CB30DB800FAAC06 /* LaunchScreen.storyboard in Resources */,
				097B6C7F1CB30DB800FAAC06 /* Assets.xcassets in Resources */,
			);
			runOnlyForDeploymentPostprocessing = 0;
		};
		097B6C861CB30DB800FAAC06 /* Resources */ = {
			isa = PBXResourcesBuildPhase;
			buildActionMask = 2147483647;
			files = (
				097B6D2E1CB475CD00FAAC06 /* HUMEventJson.json in Resources */,
			);
			runOnlyForDeploymentPostprocessing = 0;
		};
/* End PBXResourcesBuildPhase section */

/* Begin PBXShellScriptBuildPhase section */
		05A200A5AEC8629B1565328D /* 📦 Embed Pods Frameworks */ = {
			isa = PBXShellScriptBuildPhase;
			buildActionMask = 2147483647;
			files = (
			);
			inputPaths = (
			);
			name = "📦 Embed Pods Frameworks";
			outputPaths = (
			);
			runOnlyForDeploymentPostprocessing = 0;
			shellPath = /bin/sh;
			shellScript = "\"${SRCROOT}/Pods/Target Support Files/Pods-Humon/Pods-Humon-frameworks.sh\"\n";
			showEnvVarsInLog = 0;
		};
		2D4DB52540A0FBE373BCDF61 /* 📦 Check Pods Manifest.lock */ = {
			isa = PBXShellScriptBuildPhase;
			buildActionMask = 2147483647;
			files = (
			);
			inputPaths = (
			);
			name = "📦 Check Pods Manifest.lock";
			outputPaths = (
			);
			runOnlyForDeploymentPostprocessing = 0;
			shellPath = /bin/sh;
			shellScript = "diff \"${PODS_ROOT}/../Podfile.lock\" \"${PODS_ROOT}/Manifest.lock\" > /dev/null\nif [[ $? != 0 ]] ; then\n    cat << EOM\nerror: The sandbox is not in sync with the Podfile.lock. Run 'pod install' or update your CocoaPods installation.\nEOM\n    exit 1\nfi\n";
			showEnvVarsInLog = 0;
		};
		2F2DEA0297BB3963C87116B0 /* 📦 Check Pods Manifest.lock */ = {
			isa = PBXShellScriptBuildPhase;
			buildActionMask = 2147483647;
			files = (
			);
			inputPaths = (
			);
			name = "📦 Check Pods Manifest.lock";
			outputPaths = (
			);
			runOnlyForDeploymentPostprocessing = 0;
			shellPath = /bin/sh;
			shellScript = "diff \"${PODS_ROOT}/../Podfile.lock\" \"${PODS_ROOT}/Manifest.lock\" > /dev/null\nif [[ $? != 0 ]] ; then\n    cat << EOM\nerror: The sandbox is not in sync with the Podfile.lock. Run 'pod install' or update your CocoaPods installation.\nEOM\n    exit 1\nfi\n";
			showEnvVarsInLog = 0;
		};
		502E8DE6A67006EFF566AC9D /* 📦 Embed Pods Frameworks */ = {
			isa = PBXShellScriptBuildPhase;
			buildActionMask = 2147483647;
			files = (
			);
			inputPaths = (
			);
			name = "📦 Embed Pods Frameworks";
			outputPaths = (
			);
			runOnlyForDeploymentPostprocessing = 0;
			shellPath = /bin/sh;
			shellScript = "\"${SRCROOT}/Pods/Target Support Files/Pods-HumonTests/Pods-HumonTests-frameworks.sh\"\n";
			showEnvVarsInLog = 0;
		};
		C0CF8AE88AC20C46AB5C885C /* 📦 Copy Pods Resources */ = {
			isa = PBXShellScriptBuildPhase;
			buildActionMask = 2147483647;
			files = (
			);
			inputPaths = (
			);
			name = "📦 Copy Pods Resources";
			outputPaths = (
			);
			runOnlyForDeploymentPostprocessing = 0;
			shellPath = /bin/sh;
			shellScript = "\"${SRCROOT}/Pods/Target Support Files/Pods-Humon/Pods-Humon-resources.sh\"\n";
			showEnvVarsInLog = 0;
		};
		E5B42A059B3834F186CABAAF /* 📦 Copy Pods Resources */ = {
			isa = PBXShellScriptBuildPhase;
			buildActionMask = 2147483647;
			files = (
			);
			inputPaths = (
			);
			name = "📦 Copy Pods Resources";
			outputPaths = (
			);
			runOnlyForDeploymentPostprocessing = 0;
			shellPath = /bin/sh;
			shellScript = "\"${SRCROOT}/Pods/Target Support Files/Pods-HumonTests/Pods-HumonTests-resources.sh\"\n";
			showEnvVarsInLog = 0;
		};
/* End PBXShellScriptBuildPhase section */

/* Begin PBXSourcesBuildPhase section */
		097B6C6B1CB30DB700FAAC06 /* Sources */ = {
			isa = PBXSourcesBuildPhase;
			buildActionMask = 2147483647;
			files = (
				097B6CE71CB31F4600FAAC06 /* HUMFooterView.m in Sources */,
				097B6CD11CB31F4600FAAC06 /* NSObject+HUMNullCheck.m in Sources */,
				097B6D471CB47B9300FAAC06 /* HUMEventViewControllerFromBook.m in Sources */,
				097B6CD51CB31F4600FAAC06 /* HUMTimeCell.m in Sources */,
				097B6D441CB4777900FAAC06 /* HUMRailsAFNClient.m in Sources */,
				097B6CD91CB31F4600FAAC06 /* HUMAddEventViewController.m in Sources */,
				097B6CD01CB31F4600FAAC06 /* NSDateFormatter+HUMDefaultDateFormatter.m in Sources */,
				097B6CDA1CB31F4600FAAC06 /* HUMConfirmationViewController.m in Sources */,
				097B6CE11CB31F4600FAAC06 /* HUMAppearanceManager.m in Sources */,
				097B6CE21CB31F4600FAAC06 /* HUMEvent.m in Sources */,
				097B6CD41CB31F4600FAAC06 /* HUMTextFieldCell.m in Sources */,
				097B6CD81CB31F4600FAAC06 /* HUMRailsClient.m in Sources */,
				097B6CDC1CB31F4600FAAC06 /* HUMEventViewController.m in Sources */,
				097B6C771CB30DB800FAAC06 /* AppDelegate.m in Sources */,
				097B6CE31CB31F4600FAAC06 /* HUMUser.m in Sources */,
				097B6CE51CB31F4600FAAC06 /* HUMAnnotationView.m in Sources */,
				097B6C741CB30DB800FAAC06 /* main.m in Sources */,
				097B6CDB1CB31F4600FAAC06 /* HUMEditEventViewController.m in Sources */,
				097B6CE41CB31F4600FAAC06 /* HUMUserSession.m in Sources */,
				097B6CE61CB31F4600FAAC06 /* HUMButton.m in Sources */,
				097B6CDD1CB31F4600FAAC06 /* HUMLocateEventViewController.m in Sources */,
				097B6CD21CB31F4600FAAC06 /* UIImage+HUMColorImage.m in Sources */,
				097B6CD31CB31F4600FAAC06 /* HUMNameCell.m in Sources */,
				097B6CD61CB31F4600FAAC06 /* HUMTimePickerCell.m in Sources */,
				097B6CDE1CB31F4600FAAC06 /* HUMMapViewController.m in Sources */,
				097B6CE01CB31F4600FAAC06 /* HUMViewEventViewController.m in Sources */,
			);
			runOnlyForDeploymentPostprocessing = 0;
		};
		097B6C841CB30DB800FAAC06 /* Sources */ = {
			isa = PBXSourcesBuildPhase;
			buildActionMask = 2147483647;
			files = (
				097B6D3F1CB476B300FAAC06 /* HUMUserSessionKiwiTests.m in Sources */,
				097B6D311CB475CD00FAAC06 /* HUMJSONFileManager.m in Sources */,
				097B6D331CB475CD00FAAC06 /* HUMJSONFileManagerTests.m in Sources */,
				097B6D301CB475CD00FAAC06 /* HUMEventTests.m in Sources */,
				097B6D3D1CB476B300FAAC06 /* HUMJSONFileManagerKiwiTests.m in Sources */,
				097B6D3C1CB476B300FAAC06 /* HUMEventKiwiTests.m in Sources */,
				097B6D3E1CB476B300FAAC06 /* HUMUserKiwiTests.m in Sources */,
				097B6D361CB475CD00FAAC06 /* HUMUserSessionTests.m in Sources */,
				097B6D371CB475CD00FAAC06 /* HUMUserTests.m in Sources */,
			);
			runOnlyForDeploymentPostprocessing = 0;
		};
/* End PBXSourcesBuildPhase section */

/* Begin PBXTargetDependency section */
		097B6C8A1CB30DB800FAAC06 /* PBXTargetDependency */ = {
			isa = PBXTargetDependency;
			target = 097B6C6E1CB30DB700FAAC06 /* Humon */;
			targetProxy = 097B6C891CB30DB800FAAC06 /* PBXContainerItemProxy */;
		};
/* End PBXTargetDependency section */

/* Begin PBXVariantGroup section */
		097B6C801CB30DB800FAAC06 /* LaunchScreen.storyboard */ = {
			isa = PBXVariantGroup;
			children = (
				097B6C811CB30DB800FAAC06 /* Base */,
			);
			name = LaunchScreen.storyboard;
			sourceTree = "<group>";
		};
/* End PBXVariantGroup section */

/* Begin XCBuildConfiguration section */
		097B6C8F1CB30DB800FAAC06 /* Debug */ = {
			isa = XCBuildConfiguration;
			buildSettings = {
				ALWAYS_SEARCH_USER_PATHS = NO;
				CLANG_ANALYZER_NONNULL = YES;
				CLANG_CXX_LANGUAGE_STANDARD = "gnu++0x";
				CLANG_CXX_LIBRARY = "libc++";
				CLANG_ENABLE_MODULES = YES;
				CLANG_ENABLE_OBJC_ARC = YES;
				CLANG_WARN_BOOL_CONVERSION = YES;
				CLANG_WARN_CONSTANT_CONVERSION = YES;
				CLANG_WARN_DIRECT_OBJC_ISA_USAGE = YES_ERROR;
				CLANG_WARN_EMPTY_BODY = YES;
				CLANG_WARN_ENUM_CONVERSION = YES;
				CLANG_WARN_INT_CONVERSION = YES;
				CLANG_WARN_OBJC_ROOT_CLASS = YES_ERROR;
				CLANG_WARN_UNREACHABLE_CODE = YES;
				CLANG_WARN__DUPLICATE_METHOD_MATCH = YES;
				"CODE_SIGN_IDENTITY[sdk=iphoneos*]" = "iPhone Developer";
				COPY_PHASE_STRIP = NO;
				DEBUG_INFORMATION_FORMAT = dwarf;
				ENABLE_STRICT_OBJC_MSGSEND = YES;
				ENABLE_TESTABILITY = YES;
				GCC_C_LANGUAGE_STANDARD = gnu99;
				GCC_DYNAMIC_NO_PIC = NO;
				GCC_NO_COMMON_BLOCKS = YES;
				GCC_OPTIMIZATION_LEVEL = 0;
				GCC_PREPROCESSOR_DEFINITIONS = (
					"DEBUG=1",
					"$(inherited)",
				);
				GCC_WARN_64_TO_32_BIT_CONVERSION = YES;
				GCC_WARN_ABOUT_RETURN_TYPE = YES_ERROR;
				GCC_WARN_UNDECLARED_SELECTOR = YES;
				GCC_WARN_UNINITIALIZED_AUTOS = YES_AGGRESSIVE;
				GCC_WARN_UNUSED_FUNCTION = YES;
				GCC_WARN_UNUSED_VARIABLE = YES;
				IPHONEOS_DEPLOYMENT_TARGET = 8.0;
				MTL_ENABLE_DEBUG_INFO = YES;
				ONLY_ACTIVE_ARCH = YES;
				SDKROOT = iphoneos;
			};
			name = Debug;
		};
		097B6C901CB30DB800FAAC06 /* Release */ = {
			isa = XCBuildConfiguration;
			buildSettings = {
				ALWAYS_SEARCH_USER_PATHS = NO;
				CLANG_ANALYZER_NONNULL = YES;
				CLANG_CXX_LANGUAGE_STANDARD = "gnu++0x";
				CLANG_CXX_LIBRARY = "libc++";
				CLANG_ENABLE_MODULES = YES;
				CLANG_ENABLE_OBJC_ARC = YES;
				CLANG_WARN_BOOL_CONVERSION = YES;
				CLANG_WARN_CONSTANT_CONVERSION = YES;
				CLANG_WARN_DIRECT_OBJC_ISA_USAGE = YES_ERROR;
				CLANG_WARN_EMPTY_BODY = YES;
				CLANG_WARN_ENUM_CONVERSION = YES;
				CLANG_WARN_INT_CONVERSION = YES;
				CLANG_WARN_OBJC_ROOT_CLASS = YES_ERROR;
				CLANG_WARN_UNREACHABLE_CODE = YES;
				CLANG_WARN__DUPLICATE_METHOD_MATCH = YES;
				"CODE_SIGN_IDENTITY[sdk=iphoneos*]" = "iPhone Developer";
				COPY_PHASE_STRIP = NO;
				DEBUG_INFORMATION_FORMAT = "dwarf-with-dsym";
				ENABLE_NS_ASSERTIONS = NO;
				ENABLE_STRICT_OBJC_MSGSEND = YES;
				GCC_C_LANGUAGE_STANDARD = gnu99;
				GCC_NO_COMMON_BLOCKS = YES;
				GCC_WARN_64_TO_32_BIT_CONVERSION = YES;
				GCC_WARN_ABOUT_RETURN_TYPE = YES_ERROR;
				GCC_WARN_UNDECLARED_SELECTOR = YES;
				GCC_WARN_UNINITIALIZED_AUTOS = YES_AGGRESSIVE;
				GCC_WARN_UNUSED_FUNCTION = YES;
				GCC_WARN_UNUSED_VARIABLE = YES;
				IPHONEOS_DEPLOYMENT_TARGET = 8.0;
				MTL_ENABLE_DEBUG_INFO = NO;
				SDKROOT = iphoneos;
				VALIDATE_PRODUCT = YES;
			};
			name = Release;
		};
		097B6C921CB30DB800FAAC06 /* Debug */ = {
			isa = XCBuildConfiguration;
			baseConfigurationReference = F5DD9D9922685AE1F6DB4586 /* Pods-Humon.debug.xcconfig */;
			buildSettings = {
				ASSETCATALOG_COMPILER_APPICON_NAME = AppIcon;
				INFOPLIST_FILE = Humon/Info.plist;
				IPHONEOS_DEPLOYMENT_TARGET = 8.0;
				LD_RUNPATH_SEARCH_PATHS = "$(inherited) @executable_path/Frameworks";
				PRODUCT_BUNDLE_IDENTIFIER = com.thoughtbot.Humon;
				PRODUCT_NAME = "$(TARGET_NAME)";
			};
			name = Debug;
		};
		097B6C931CB30DB800FAAC06 /* Release */ = {
			isa = XCBuildConfiguration;
			baseConfigurationReference = 7ED8646FD2A7049F1FB1D962 /* Pods-Humon.release.xcconfig */;
			buildSettings = {
				ASSETCATALOG_COMPILER_APPICON_NAME = AppIcon;
				INFOPLIST_FILE = Humon/Info.plist;
				IPHONEOS_DEPLOYMENT_TARGET = 8.0;
				LD_RUNPATH_SEARCH_PATHS = "$(inherited) @executable_path/Frameworks";
				PRODUCT_BUNDLE_IDENTIFIER = com.thoughtbot.Humon;
				PRODUCT_NAME = "$(TARGET_NAME)";
			};
			name = Release;
		};
		097B6C951CB30DB800FAAC06 /* Debug */ = {
			isa = XCBuildConfiguration;
			baseConfigurationReference = 3554F5481B9557295E6A7282 /* Pods-HumonTests.debug.xcconfig */;
			buildSettings = {
				BUNDLE_LOADER = "$(TEST_HOST)";
				INFOPLIST_FILE = HumonTests/Info.plist;
				LD_RUNPATH_SEARCH_PATHS = "$(inherited) @executable_path/Frameworks @loader_path/Frameworks";
				PRODUCT_BUNDLE_IDENTIFIER = com.thoughtbot.HumonTests;
				PRODUCT_NAME = "$(TARGET_NAME)";
				TEST_HOST = "$(BUILT_PRODUCTS_DIR)/Humon.app/Humon";
			};
			name = Debug;
		};
		097B6C961CB30DB800FAAC06 /* Release */ = {
			isa = XCBuildConfiguration;
			baseConfigurationReference = 0C891A6ADB44813B1F69417C /* Pods-HumonTests.release.xcconfig */;
			buildSettings = {
				BUNDLE_LOADER = "$(TEST_HOST)";
				INFOPLIST_FILE = HumonTests/Info.plist;
				LD_RUNPATH_SEARCH_PATHS = "$(inherited) @executable_path/Frameworks @loader_path/Frameworks";
				PRODUCT_BUNDLE_IDENTIFIER = com.thoughtbot.HumonTests;
				PRODUCT_NAME = "$(TARGET_NAME)";
				TEST_HOST = "$(BUILT_PRODUCTS_DIR)/Humon.app/Humon";
			};
			name = Release;
		};
/* End XCBuildConfiguration section */

/* Begin XCConfigurationList section */
		097B6C6A1CB30DB700FAAC06 /* Build configuration list for PBXProject "Humon" */ = {
			isa = XCConfigurationList;
			buildConfigurations = (
				097B6C8F1CB30DB800FAAC06 /* Debug */,
				097B6C901CB30DB800FAAC06 /* Release */,
			);
			defaultConfigurationIsVisible = 0;
			defaultConfigurationName = Release;
		};
		097B6C911CB30DB800FAAC06 /* Build configuration list for PBXNativeTarget "Humon" */ = {
			isa = XCConfigurationList;
			buildConfigurations = (
				097B6C921CB30DB800FAAC06 /* Debug */,
				097B6C931CB30DB800FAAC06 /* Release */,
			);
			defaultConfigurationIsVisible = 0;
			defaultConfigurationName = Release;
		};
		097B6C941CB30DB800FAAC06 /* Build configuration list for PBXNativeTarget "HumonTests" */ = {
			isa = XCConfigurationList;
			buildConfigurations = (
				097B6C951CB30DB800FAAC06 /* Debug */,
				097B6C961CB30DB800FAAC06 /* Release */,
			);
			defaultConfigurationIsVisible = 0;
			defaultConfigurationName = Release;
		};
/* End XCConfigurationList section */
	};
	rootObject = 097B6C671CB30DB700FAAC06 /* Project object */;
}
